// !$*UTF8*$!
{
	archiveVersion = 1;
	classes = {
	};
	objectVersion = 46;
	objects = {

/* Begin PBXBuildFile section */
		70F490886D1D09DBA3AD38CA /* Pods_Improo.framework in Frameworks */ = {isa = PBXBuildFile; fileRef = 9277D986118DAF32CE9F51FE /* Pods_Improo.framework */; };
		B1C750941DF8B48B0057349A /* AppDelegate.swift in Sources */ = {isa = PBXBuildFile; fileRef = B1C750931DF8B48B0057349A /* AppDelegate.swift */; };
		B1C750961DF8B48B0057349A /* ViewController.swift in Sources */ = {isa = PBXBuildFile; fileRef = B1C750951DF8B48B0057349A /* ViewController.swift */; };
		B1C750991DF8B48B0057349A /* Main.storyboard in Resources */ = {isa = PBXBuildFile; fileRef = B1C750971DF8B48B0057349A /* Main.storyboard */; };
		B1C7509B1DF8B48B0057349A /* Assets.xcassets in Resources */ = {isa = PBXBuildFile; fileRef = B1C7509A1DF8B48B0057349A /* Assets.xcassets */; };
		B1C7509E1DF8B48B0057349A /* LaunchScreen.storyboard in Resources */ = {isa = PBXBuildFile; fileRef = B1C7509C1DF8B48B0057349A /* LaunchScreen.storyboard */; };
		B1C750A61DF8B4F50057349A /* GoogleService-Info.plist in Resources */ = {isa = PBXBuildFile; fileRef = B1C750A51DF8B4F50057349A /* GoogleService-Info.plist */; };
		B1D3AE7B1E316931005BB687 /* ListTableViewController.swift in Sources */ = {isa = PBXBuildFile; fileRef = B1D3AE7A1E316931005BB687 /* ListTableViewController.swift */; };
/* End PBXBuildFile section */

/* Begin PBXFileReference section */
		0704BF6DD5226A89FFD0B612 /* Pods-Improo.debug.xcconfig */ = {isa = PBXFileReference; includeInIndex = 1; lastKnownFileType = text.xcconfig; name = "Pods-Improo.debug.xcconfig"; path = "Pods/Target Support Files/Pods-Improo/Pods-Improo.debug.xcconfig"; sourceTree = "<group>"; };
		733A51AAD972C716B3105CF9 /* Pods-Improo.release.xcconfig */ = {isa = PBXFileReference; includeInIndex = 1; lastKnownFileType = text.xcconfig; name = "Pods-Improo.release.xcconfig"; path = "Pods/Target Support Files/Pods-Improo/Pods-Improo.release.xcconfig"; sourceTree = "<group>"; };
		9277D986118DAF32CE9F51FE /* Pods_Improo.framework */ = {isa = PBXFileReference; explicitFileType = wrapper.framework; includeInIndex = 0; path = Pods_Improo.framework; sourceTree = BUILT_PRODUCTS_DIR; };
		B1C750901DF8B48B0057349A /* Improo.app */ = {isa = PBXFileReference; explicitFileType = wrapper.application; includeInIndex = 0; path = Improo.app; sourceTree = BUILT_PRODUCTS_DIR; };
		B1C750931DF8B48B0057349A /* AppDelegate.swift */ = {isa = PBXFileReference; lastKnownFileType = sourcecode.swift; path = AppDelegate.swift; sourceTree = "<group>"; };
		B1C750951DF8B48B0057349A /* ViewController.swift */ = {isa = PBXFileReference; lastKnownFileType = sourcecode.swift; path = ViewController.swift; sourceTree = "<group>"; };
		B1C750981DF8B48B0057349A /* Base */ = {isa = PBXFileReference; lastKnownFileType = file.storyboard; name = Base; path = Base.lproj/Main.storyboard; sourceTree = "<group>"; };
		B1C7509A1DF8B48B0057349A /* Assets.xcassets */ = {isa = PBXFileReference; lastKnownFileType = folder.assetcatalog; path = Assets.xcassets; sourceTree = "<group>"; };
		B1C7509D1DF8B48B0057349A /* Base */ = {isa = PBXFileReference; lastKnownFileType = file.storyboard; name = Base; path = Base.lproj/LaunchScreen.storyboard; sourceTree = "<group>"; };
		B1C7509F1DF8B48B0057349A /* Info.plist */ = {isa = PBXFileReference; lastKnownFileType = text.plist.xml; path = Info.plist; sourceTree = "<group>"; };
		B1C750A51DF8B4F50057349A /* GoogleService-Info.plist */ = {isa = PBXFileReference; fileEncoding = 4; lastKnownFileType = text.plist.xml; path = "GoogleService-Info.plist"; sourceTree = "<group>"; };
		B1D3AE7A1E316931005BB687 /* ListTableViewController.swift */ = {isa = PBXFileReference; fileEncoding = 4; lastKnownFileType = sourcecode.swift; name = ListTableViewController.swift; path = Controllers/ListTableViewController.swift; sourceTree = "<group>"; };
/* End PBXFileReference section */

/* Begin PBXFrameworksBuildPhase section */
		B1C7508D1DF8B48A0057349A /* Frameworks */ = {
			isa = PBXFrameworksBuildPhase;
			buildActionMask = 2147483647;
			files = (
				70F490886D1D09DBA3AD38CA /* Pods_Improo.framework in Frameworks */,
			);
			runOnlyForDeploymentPostprocessing = 0;
		};
/* End PBXFrameworksBuildPhase section */

/* Begin PBXGroup section */
		B1C750871DF8B48A0057349A = {
			isa = PBXGroup;
			children = (
				B1C750921DF8B48B0057349A /* Improo */,
				B1C750911DF8B48B0057349A /* Products */,
				E76AFA43BE5AC8B42392DC1C /* Pods */,
				D4AE92B19BD0E139801DEEB7 /* Frameworks */,
			);
			sourceTree = "<group>";
		};
		B1C750911DF8B48B0057349A /* Products */ = {
			isa = PBXGroup;
			children = (
				B1C750901DF8B48B0057349A /* Improo.app */,
			);
			name = Products;
			sourceTree = "<group>";
		};
		B1C750921DF8B48B0057349A /* Improo */ = {
			isa = PBXGroup;
			children = (
				B1D3AE7C1E316938005BB687 /* Models */,
				B1D3AE7D1E316942005BB687 /* Views */,
				B1D3AE7E1E3169C0005BB687 /* Controllers */,
				B1C750931DF8B48B0057349A /* AppDelegate.swift */,
				B1C7509A1DF8B48B0057349A /* Assets.xcassets */,
				B1C7509F1DF8B48B0057349A /* Info.plist */,
				B1C750A51DF8B4F50057349A /* GoogleService-Info.plist */,
			);
			path = Improo;
			sourceTree = "<group>";
		};
		B1D3AE7C1E316938005BB687 /* Models */ = {
			isa = PBXGroup;
			children = (
			);
			name = Models;
			sourceTree = "<group>";
		};
		B1D3AE7D1E316942005BB687 /* Views */ = {
			isa = PBXGroup;
			children = (
				B1C750971DF8B48B0057349A /* Main.storyboard */,
				B1C7509C1DF8B48B0057349A /* LaunchScreen.storyboard */,
			);
			name = Views;
			sourceTree = "<group>";
		};
		B1D3AE7E1E3169C0005BB687 /* Controllers */ = {
			isa = PBXGroup;
			children = (
				B1C750951DF8B48B0057349A /* ViewController.swift */,
				B1D3AE7A1E316931005BB687 /* ListTableViewController.swift */,
			);
			name = Controllers;
			sourceTree = "<group>";
		};
		D4AE92B19BD0E139801DEEB7 /* Frameworks */ = {
			isa = PBXGroup;
			children = (
				9277D986118DAF32CE9F51FE /* Pods_Improo.framework */,
			);
			name = Frameworks;
			sourceTree = "<group>";
		};
		E76AFA43BE5AC8B42392DC1C /* Pods */ = {
			isa = PBXGroup;
			children = (
				0704BF6DD5226A89FFD0B612 /* Pods-Improo.debug.xcconfig */,
				733A51AAD972C716B3105CF9 /* Pods-Improo.release.xcconfig */,
			);
			name = Pods;
			sourceTree = "<group>";
		};
/* End PBXGroup section */

/* Begin PBXNativeTarget section */
		B1C7508F1DF8B48A0057349A /* Improo */ = {
			isa = PBXNativeTarget;
			buildConfigurationList = B1C750A21DF8B48B0057349A /* Build configuration list for PBXNativeTarget "Improo" */;
			buildPhases = (
				2D301BEDA64299C9FE6BE0C3 /* [CP] Check Pods Manifest.lock */,
				B1C7508C1DF8B48A0057349A /* Sources */,
				B1C7508D1DF8B48A0057349A /* Frameworks */,
				B1C7508E1DF8B48A0057349A /* Resources */,
				BD8508061A5772B17F34C03C /* [CP] Embed Pods Frameworks */,
				3207DD3337730445FE173E8C /* [CP] Copy Pods Resources */,
			);
			buildRules = (
			);
			dependencies = (
			);
			name = Improo;
			productName = Improo;
			productReference = B1C750901DF8B48B0057349A /* Improo.app */;
			productType = "com.apple.product-type.application";
		};
/* End PBXNativeTarget section */

/* Begin PBXProject section */
		B1C750881DF8B48A0057349A /* Project object */ = {
			isa = PBXProject;
			attributes = {
				LastSwiftUpdateCheck = 0810;
				LastUpgradeCheck = 0810;
				ORGANIZATIONNAME = 3axap;
				TargetAttributes = {
					B1C7508F1DF8B48A0057349A = {
						CreatedOnToolsVersion = 8.1;
						ProvisioningStyle = Automatic;
					};
				};
			};
			buildConfigurationList = B1C7508B1DF8B48A0057349A /* Build configuration list for PBXProject "Improo" */;
			compatibilityVersion = "Xcode 3.2";
			developmentRegion = English;
			hasScannedForEncodings = 0;
			knownRegions = (
				en,
				Base,
			);
			mainGroup = B1C750871DF8B48A0057349A;
			productRefGroup = B1C750911DF8B48B0057349A /* Products */;
			projectDirPath = "";
			projectRoot = "";
			targets = (
				B1C7508F1DF8B48A0057349A /* Improo */,
			);
		};
/* End PBXProject section */

/* Begin PBXResourcesBuildPhase section */
		B1C7508E1DF8B48A0057349A /* Resources */ = {
			isa = PBXResourcesBuildPhase;
			buildActionMask = 2147483647;
			files = (
				B1C7509E1DF8B48B0057349A /* LaunchScreen.storyboard in Resources */,
				B1C750A61DF8B4F50057349A /* GoogleService-Info.plist in Resources */,
				B1C7509B1DF8B48B0057349A /* Assets.xcassets in Resources */,
				B1C750991DF8B48B0057349A /* Main.storyboard in Resources */,
			);
			runOnlyForDeploymentPostprocessing = 0;
		};
/* End PBXResourcesBuildPhase section */

/* Begin PBXShellScriptBuildPhase section */
		2D301BEDA64299C9FE6BE0C3 /* [CP] Check Pods Manifest.lock */ = {
			isa = PBXShellScriptBuildPhase;
			buildActionMask = 2147483647;
			files = (
			);
			inputPaths = (
			);
			name = "[CP] Check Pods Manifest.lock";
			outputPaths = (
			);
			runOnlyForDeploymentPostprocessing = 0;
			shellPath = /bin/sh;
			shellScript = "diff \"${PODS_ROOT}/../Podfile.lock\" \"${PODS_ROOT}/Manifest.lock\" > /dev/null\nif [ $? != 0 ] ; then\n    # print error to STDERR\n    echo \"error: The sandbox is not in sync with the Podfile.lock. Run 'pod install' or update your CocoaPods installation.\" >&2\n    exit 1\nfi\n";
			showEnvVarsInLog = 0;
		};
		3207DD3337730445FE173E8C /* [CP] Copy Pods Resources */ = {
			isa = PBXShellScriptBuildPhase;
			buildActionMask = 2147483647;
			files = (
			);
			inputPaths = (
			);
			name = "[CP] Copy Pods Resources";
			outputPaths = (
			);
			runOnlyForDeploymentPostprocessing = 0;
			shellPath = /bin/sh;
			shellScript = "\"${SRCROOT}/Pods/Target Support Files/Pods-Improo/Pods-Improo-resources.sh\"\n";
			showEnvVarsInLog = 0;
		};
		BD8508061A5772B17F34C03C /* [CP] Embed Pods Frameworks */ = {
			isa = PBXShellScriptBuildPhase;
			buildActionMask = 2147483647;
			files = (
			);
			inputPaths = (
			);
			name = "[CP] Embed Pods Frameworks";
			outputPaths = (
			);
			runOnlyForDeploymentPostprocessing = 0;
			shellPath = /bin/sh;
			shellScript = "\"${SRCROOT}/Pods/Target Support Files/Pods-Improo/Pods-Improo-frameworks.sh\"\n";
			showEnvVarsInLog = 0;
		};
/* End PBXShellScriptBuildPhase section */

/* Begin PBXSourcesBuildPhase section */
		B1C7508C1DF8B48A0057349A /* Sources */ = {
			isa = PBXSourcesBuildPhase;
			buildActionMask = 2147483647;
			files = (
				B1D3AE7B1E316931005BB687 /* ListTableViewController.swift in Sources */,
				B1C750961DF8B48B0057349A /* ViewController.swift in Sources */,
				B1C750941DF8B48B0057349A /* AppDelegate.swift in Sources */,
			);
			runOnlyForDeploymentPostprocessing = 0;
		};
/* End PBXSourcesBuildPhase section */

/* Begin PBXVariantGroup section */
		B1C750971DF8B48B0057349A /* Main.storyboard */ = {
			isa = PBXVariantGroup;
			children = (
				B1C750981DF8B48B0057349A /* Base */,
			);
			name = Main.storyboard;
			sourceTree = "<group>";
		};
		B1C7509C1DF8B48B0057349A /* LaunchScreen.storyboard */ = {
			isa = PBXVariantGroup;
			children = (
				B1C7509D1DF8B48B0057349A /* Base */,
			);
			name = LaunchScreen.storyboard;
			sourceTree = "<group>";
		};
/* End PBXVariantGroup section */

/* Begin XCBuildConfiguration section */
		B1C750A01DF8B48B0057349A /* Debug */ = {
			isa = XCBuildConfiguration;
			buildSettings = {
				ALWAYS_SEARCH_USER_PATHS = NO;
				CLANG_ANALYZER_NONNULL = YES;
				CLANG_CXX_LANGUAGE_STANDARD = "gnu++0x";
				CLANG_CXX_LIBRARY = "libc++";
				CLANG_ENABLE_MODULES = YES;
				CLANG_ENABLE_OBJC_ARC = YES;
				CLANG_WARN_BOOL_CONVERSION = YES;
				CLANG_WARN_CONSTANT_CONVERSION = YES;
				CLANG_WARN_DIRECT_OBJC_ISA_USAGE = YES_ERROR;
				CLANG_WARN_DOCUMENTATION_COMMENTS = YES;
				CLANG_WARN_EMPTY_BODY = YES;
				CLANG_WARN_ENUM_CONVERSION = YES;
				CLANG_WARN_INFINITE_RECURSION = YES;
				CLANG_WARN_INT_CONVERSION = YES;
				CLANG_WARN_OBJC_ROOT_CLASS = YES_ERROR;
				CLANG_WARN_SUSPICIOUS_MOVES = YES;
				CLANG_WARN_UNREACHABLE_CODE = YES;
				CLANG_WARN__DUPLICATE_METHOD_MATCH = YES;
				"CODE_SIGN_IDENTITY[sdk=iphoneos*]" = "iPhone Developer";
				COPY_PHASE_STRIP = NO;
				DEBUG_INFORMATION_FORMAT = dwarf;
				ENABLE_STRICT_OBJC_MSGSEND = YES;
				ENABLE_TESTABILITY = YES;
				GCC_C_LANGUAGE_STANDARD = gnu99;
				GCC_DYNAMIC_NO_PIC = NO;
				GCC_NO_COMMON_BLOCKS = YES;
				GCC_OPTIMIZATION_LEVEL = 0;
				GCC_PREPROCESSOR_DEFINITIONS = (
					"DEBUG=1",
					"$(inherited)",
				);
				GCC_WARN_64_TO_32_BIT_CONVERSION = YES;
				GCC_WARN_ABOUT_RETURN_TYPE = YES_ERROR;
				GCC_WARN_UNDECLARED_SELECTOR = YES;
				GCC_WARN_UNINITIALIZED_AUTOS = YES_AGGRESSIVE;
				GCC_WARN_UNUSED_FUNCTION = YES;
				GCC_WARN_UNUSED_VARIABLE = YES;
				IPHONEOS_DEPLOYMENT_TARGET = 10.1;
				MTL_ENABLE_DEBUG_INFO = YES;
				ONLY_ACTIVE_ARCH = YES;
				SDKROOT = iphoneos;
				SWIFT_ACTIVE_COMPILATION_CONDITIONS = DEBUG;
				SWIFT_OPTIMIZATION_LEVEL = "-Onone";
			};
			name = Debug;
		};
		B1C750A11DF8B48B0057349A /* Release */ = {
			isa = XCBuildConfiguration;
			buildSettings = {
				ALWAYS_SEARCH_USER_PATHS = NO;
				CLANG_ANALYZER_NONNULL = YES;
				CLANG_CXX_LANGUAGE_STANDARD = "gnu++0x";
				CLANG_CXX_LIBRARY = "libc++";
				CLANG_ENABLE_MODULES = YES;
				CLANG_ENABLE_OBJC_ARC = YES;
				CLANG_WARN_BOOL_CONVERSION = YES;
				CLANG_WARN_CONSTANT_CONVERSION = YES;
				CLANG_WARN_DIRECT_OBJC_ISA_USAGE = YES_ERROR;
				CLANG_WARN_DOCUMENTATION_COMMENTS = YES;
				CLANG_WARN_EMPTY_BODY = YES;
				CLANG_WARN_ENUM_CONVERSION = YES;
				CLANG_WARN_INFINITE_RECURSION = YES;
				CLANG_WARN_INT_CONVERSION = YES;
				CLANG_WARN_OBJC_ROOT_CLASS = YES_ERROR;
				CLANG_WARN_SUSPICIOUS_MOVES = YES;
				CLANG_WARN_UNREACHABLE_CODE = YES;
				CLANG_WARN__DUPLICATE_METHOD_MATCH = YES;
				"CODE_SIGN_IDENTITY[sdk=iphoneos*]" = "iPhone Developer";
				COPY_PHASE_STRIP = NO;
				DEBUG_INFORMATION_FORMAT = "dwarf-with-dsym";
				ENABLE_NS_ASSERTIONS = NO;
				ENABLE_STRICT_OBJC_MSGSEND = YES;
				GCC_C_LANGUAGE_STANDARD = gnu99;
				GCC_NO_COMMON_BLOCKS = YES;
				GCC_WARN_64_TO_32_BIT_CONVERSION = YES;
				GCC_WARN_ABOUT_RETURN_TYPE = YES_ERROR;
				GCC_WARN_UNDECLARED_SELECTOR = YES;
				GCC_WARN_UNINITIALIZED_AUTOS = YES_AGGRESSIVE;
				GCC_WARN_UNUSED_FUNCTION = YES;
				GCC_WARN_UNUSED_VARIABLE = YES;
				IPHONEOS_DEPLOYMENT_TARGET = 10.1;
				MTL_ENABLE_DEBUG_INFO = NO;
				SDKROOT = iphoneos;
				SWIFT_OPTIMIZATION_LEVEL = "-Owholemodule";
				VALIDATE_PRODUCT = YES;
			};
			name = Release;
		};
		B1C750A31DF8B48B0057349A /* Debug */ = {
			isa = XCBuildConfiguration;
			baseConfigurationReference = 0704BF6DD5226A89FFD0B612 /* Pods-Improo.debug.xcconfig */;
			buildSettings = {
				ASSETCATALOG_COMPILER_APPICON_NAME = AppIcon;
				INFOPLIST_FILE = Improo/Info.plist;
				LD_RUNPATH_SEARCH_PATHS = "$(inherited) @executable_path/Frameworks";
				PRODUCT_BUNDLE_IDENTIFIER = G33.Improo;
				PRODUCT_NAME = "$(TARGET_NAME)";
				SWIFT_VERSION = 3.0;
			};
			name = Debug;
		};
		B1C750A41DF8B48B0057349A /* Release */ = {
			isa = XCBuildConfiguration;
			baseConfigurationReference = 733A51AAD972C716B3105CF9 /* Pods-Improo.release.xcconfig */;
			buildSettings = {
				ASSETCATALOG_COMPILER_APPICON_NAME = AppIcon;
				INFOPLIST_FILE = Improo/Info.plist;
				LD_RUNPATH_SEARCH_PATHS = "$(inherited) @executable_path/Frameworks";
				PRODUCT_BUNDLE_IDENTIFIER = G33.Improo;
				PRODUCT_NAME = "$(TARGET_NAME)";
				SWIFT_VERSION = 3.0;
			};
			name = Release;
		};
/* End XCBuildConfiguration section */

/* Begin XCConfigurationList section */
		B1C7508B1DF8B48A0057349A /* Build configuration list for PBXProject "Improo" */ = {
			isa = XCConfigurationList;
			buildConfigurations = (
				B1C750A01DF8B48B0057349A /* Debug */,
				B1C750A11DF8B48B0057349A /* Release */,
			);
			defaultConfigurationIsVisible = 0;
			defaultConfigurationName = Release;
		};
		B1C750A21DF8B48B0057349A /* Build configuration list for PBXNativeTarget "Improo" */ = {
			isa = XCConfigurationList;
			buildConfigurations = (
				B1C750A31DF8B48B0057349A /* Debug */,
				B1C750A41DF8B48B0057349A /* Release */,
			);
			defaultConfigurationIsVisible = 0;
			defaultConfigurationName = Release;
		};
/* End XCConfigurationList section */
	};
	rootObject = B1C750881DF8B48A0057349A /* Project object */;
}
